// !$*UTF8*$!
{
	archiveVersion = 1;
	classes = {
	};
	objectVersion = 77;
	objects = {

/* Begin PBXContainerItemProxy section */
		5F6472832DB7BB8D0000A404 /* PBXContainerItemProxy */ = {
			isa = PBXContainerItemProxy;
			containerPortal = 5F64726A2DB7BB8A0000A404 /* Project object */;
			proxyType = 1;
			remoteGlobalIDString = 5F6472712DB7BB8A0000A404;
			remoteInfo = Sortify;
		};
		5F64728D2DB7BB8D0000A404 /* PBXContainerItemProxy */ = {
			isa = PBXContainerItemProxy;
			containerPortal = 5F64726A2DB7BB8A0000A404 /* Project object */;
			proxyType = 1;
			remoteGlobalIDString = 5F6472712DB7BB8A0000A404;
			remoteInfo = Sortify;
		};
/* End PBXContainerItemProxy section */

/* Begin PBXFileReference section */
		5F6472722DB7BB8A0000A404 /* Sortify.app */ = {isa = PBXFileReference; explicitFileType = wrapper.application; includeInIndex = 0; path = Sortify.app; sourceTree = BUILT_PRODUCTS_DIR; };
		5F6472822DB7BB8D0000A404 /* SortifyTests.xctest */ = {isa = PBXFileReference; explicitFileType = wrapper.cfbundle; includeInIndex = 0; path = SortifyTests.xctest; sourceTree = BUILT_PRODUCTS_DIR; };
		5F64728C2DB7BB8D0000A404 /* SortifyUITests.xctest */ = {isa = PBXFileReference; explicitFileType = wrapper.cfbundle; includeInIndex = 0; path = SortifyUITests.xctest; sourceTree = BUILT_PRODUCTS_DIR; };
/* End PBXFileReference section */

/* Begin PBXFileSystemSynchronizedRootGroup section */
		5F6472742DB7BB8A0000A404 /* Sortify */ = {
			isa = PBXFileSystemSynchronizedRootGroup;
			path = Sortify;
			sourceTree = "<group>";
		};
		5F6472852DB7BB8D0000A404 /* SortifyTests */ = {
			isa = PBXFileSystemSynchronizedRootGroup;
			path = SortifyTests;
			sourceTree = "<group>";
		};
		5F64728F2DB7BB8D0000A404 /* SortifyUITests */ = {
			isa = PBXFileSystemSynchronizedRootGroup;
			path = SortifyUITests;
			sourceTree = "<group>";
		};
/* End PBXFileSystemSynchronizedRootGroup section */

/* Begin PBXFrameworksBuildPhase section */
		5F64726F2DB7BB8A0000A404 /* Frameworks */ = {
			isa = PBXFrameworksBuildPhase;
			buildActionMask = 2147483647;
			files = (
			);
			runOnlyForDeploymentPostprocessing = 0;
		};
		5F64727F2DB7BB8D0000A404 /* Frameworks */ = {
			isa = PBXFrameworksBuildPhase;
			buildActionMask = 2147483647;
			files = (
			);
			runOnlyForDeploymentPostprocessing = 0;
		};
		5F6472892DB7BB8D0000A404 /* Frameworks */ = {
			isa = PBXFrameworksBuildPhase;
			buildActionMask = 2147483647;
			files = (
			);
			runOnlyForDeploymentPostprocessing = 0;
		};
/* End PBXFrameworksBuildPhase section */

/* Begin PBXGroup section */
		5F6472692DB7BB8A0000A404 = {
			isa = PBXGroup;
			children = (
				5F6472742DB7BB8A0000A404 /* Sortify */,
				5F6472852DB7BB8D0000A404 /* SortifyTests */,
				5F64728F2DB7BB8D0000A404 /* SortifyUITests */,
				5F6472732DB7BB8A0000A404 /* Products */,
			);
			sourceTree = "<group>";
		};
		5F6472732DB7BB8A0000A404 /* Products */ = {
			isa = PBXGroup;
			children = (
				5F6472722DB7BB8A0000A404 /* Sortify.app */,
				5F6472822DB7BB8D0000A404 /* SortifyTests.xctest */,
				5F64728C2DB7BB8D0000A404 /* SortifyUITests.xctest */,
			);
			name = Products;
			sourceTree = "<group>";
		};
/* End PBXGroup section */

/* Begin PBXNativeTarget section */
		5F6472712DB7BB8A0000A404 /* Sortify */ = {
			isa = PBXNativeTarget;
			buildConfigurationList = 5F6472962DB7BB8D0000A404 /* Build configuration list for PBXNativeTarget "Sortify" */;
			buildPhases = (
				5F64726E2DB7BB8A0000A404 /* Sources */,
				5F64726F2DB7BB8A0000A404 /* Frameworks */,
				5F6472702DB7BB8A0000A404 /* Resources */,
			);
			buildRules = (
			);
			dependencies = (
			);
			fileSystemSynchronizedGroups = (
				5F6472742DB7BB8A0000A404 /* Sortify */,
			);
			name = Sortify;
			packageProductDependencies = (
			);
			productName = Sortify;
			productReference = 5F6472722DB7BB8A0000A404 /* Sortify.app */;
			productType = "com.apple.product-type.application";
		};
		5F6472812DB7BB8D0000A404 /* SortifyTests */ = {
			isa = PBXNativeTarget;
			buildConfigurationList = 5F6472992DB7BB8D0000A404 /* Build configuration list for PBXNativeTarget "SortifyTests" */;
			buildPhases = (
				5F64727E2DB7BB8D0000A404 /* Sources */,
				5F64727F2DB7BB8D0000A404 /* Frameworks */,
				5F6472802DB7BB8D0000A404 /* Resources */,
			);
			buildRules = (
			);
			dependencies = (
				5F6472842DB7BB8D0000A404 /* PBXTargetDependency */,
			);
			fileSystemSynchronizedGroups = (
				5F6472852DB7BB8D0000A404 /* SortifyTests */,
			);
			name = SortifyTests;
			packageProductDependencies = (
			);
			productName = SortifyTests;
			productReference = 5F6472822DB7BB8D0000A404 /* SortifyTests.xctest */;
			productType = "com.apple.product-type.bundle.unit-test";
		};
		5F64728B2DB7BB8D0000A404 /* SortifyUITests */ = {
			isa = PBXNativeTarget;
			buildConfigurationList = 5F64729C2DB7BB8D0000A404 /* Build configuration list for PBXNativeTarget "SortifyUITests" */;
			buildPhases = (
				5F6472882DB7BB8D0000A404 /* Sources */,
				5F6472892DB7BB8D0000A404 /* Frameworks */,
				5F64728A2DB7BB8D0000A404 /* Resources */,
			);
			buildRules = (
			);
			dependencies = (
				5F64728E2DB7BB8D0000A404 /* PBXTargetDependency */,
			);
			fileSystemSynchronizedGroups = (
				5F64728F2DB7BB8D0000A404 /* SortifyUITests */,
			);
			name = SortifyUITests;
			packageProductDependencies = (
			);
			productName = SortifyUITests;
			productReference = 5F64728C2DB7BB8D0000A404 /* SortifyUITests.xctest */;
			productType = "com.apple.product-type.bundle.ui-testing";
		};
/* End PBXNativeTarget section */

/* Begin PBXProject section */
		5F64726A2DB7BB8A0000A404 /* Project object */ = {
			isa = PBXProject;
			attributes = {
				BuildIndependentTargetsInParallel = 1;
				LastSwiftUpdateCheck = 1620;
				LastUpgradeCheck = 1620;
				TargetAttributes = {
					5F6472712DB7BB8A0000A404 = {
						CreatedOnToolsVersion = 16.2;
					};
					5F6472812DB7BB8D0000A404 = {
						CreatedOnToolsVersion = 16.2;
						TestTargetID = 5F6472712DB7BB8A0000A404;
					};
					5F64728B2DB7BB8D0000A404 = {
						CreatedOnToolsVersion = 16.2;
						TestTargetID = 5F6472712DB7BB8A0000A404;
					};
				};
			};
			buildConfigurationList = 5F64726D2DB7BB8A0000A404 /* Build configuration list for PBXProject "Sortify" */;
			developmentRegion = en;
			hasScannedForEncodings = 0;
			knownRegions = (
				en,
				Base,
			);
			mainGroup = 5F6472692DB7BB8A0000A404;
			minimizedProjectReferenceProxies = 1;
			preferredProjectObjectVersion = 77;
			productRefGroup = 5F6472732DB7BB8A0000A404 /* Products */;
			projectDirPath = "";
			projectRoot = "";
			targets = (
				5F6472712DB7BB8A0000A404 /* Sortify */,
				5F6472812DB7BB8D0000A404 /* SortifyTests */,
				5F64728B2DB7BB8D0000A404 /* SortifyUITests */,
			);
		};
/* End PBXProject section */

/* Begin PBXResourcesBuildPhase section */
		5F6472702DB7BB8A0000A404 /* Resources */ = {
			isa = PBXResourcesBuildPhase;
			buildActionMask = 2147483647;
			files = (
			);
			runOnlyForDeploymentPostprocessing = 0;
		};
		5F6472802DB7BB8D0000A404 /* Resources */ = {
			isa = PBXResourcesBuildPhase;
			buildActionMask = 2147483647;
			files = (
			);
			runOnlyForDeploymentPostprocessing = 0;
		};
		5F64728A2DB7BB8D0000A404 /* Resources */ = {
			isa = PBXResourcesBuildPhase;
			buildActionMask = 2147483647;
			files = (
			);
			runOnlyForDeploymentPostprocessing = 0;
		};
/* End PBXResourcesBuildPhase section */

/* Begin PBXSourcesBuildPhase section */
		5F64726E2DB7BB8A0000A404 /* Sources */ = {
			isa = PBXSourcesBuildPhase;
			buildActionMask = 2147483647;
			files = (
			);
			runOnlyForDeploymentPostprocessing = 0;
		};
		5F64727E2DB7BB8D0000A404 /* Sources */ = {
			isa = PBXSourcesBuildPhase;
			buildActionMask = 2147483647;
			files = (
			);
			runOnlyForDeploymentPostprocessing = 0;
		};
		5F6472882DB7BB8D0000A404 /* Sources */ = {
			isa = PBXSourcesBuildPhase;
			buildActionMask = 2147483647;
			files = (
			);
			runOnlyForDeploymentPostprocessing = 0;
		};
/* End PBXSourcesBuildPhase section */

/* Begin PBXTargetDependency section */
		5F6472842DB7BB8D0000A404 /* PBXTargetDependency */ = {
			isa = PBXTargetDependency;
			target = 5F6472712DB7BB8A0000A404 /* Sortify */;
			targetProxy = 5F6472832DB7BB8D0000A404 /* PBXContainerItemProxy */;
		};
		5F64728E2DB7BB8D0000A404 /* PBXTargetDependency */ = {
			isa = PBXTargetDependency;
			target = 5F6472712DB7BB8A0000A404 /* Sortify */;
			targetProxy = 5F64728D2DB7BB8D0000A404 /* PBXContainerItemProxy */;
		};
/* End PBXTargetDependency section */

/* Begin XCBuildConfiguration section */
		5F6472942DB7BB8D0000A404 /* Debug */ = {
			isa = XCBuildConfiguration;
			buildSettings = {
				ALWAYS_SEARCH_USER_PATHS = NO;
				ASSETCATALOG_COMPILER_GENERATE_SWIFT_ASSET_SYMBOL_EXTENSIONS = YES;
				CLANG_ANALYZER_NONNULL = YES;
				CLANG_ANALYZER_NUMBER_OBJECT_CONVERSION = YES_AGGRESSIVE;
				CLANG_CXX_LANGUAGE_STANDARD = "gnu++20";
				CLANG_ENABLE_MODULES = YES;
				CLANG_ENABLE_OBJC_ARC = YES;
				CLANG_ENABLE_OBJC_WEAK = YES;
				CLANG_WARN_BLOCK_CAPTURE_AUTORELEASING = YES;
				CLANG_WARN_BOOL_CONVERSION = YES;
				CLANG_WARN_COMMA = YES;
				CLANG_WARN_CONSTANT_CONVERSION = YES;
				CLANG_WARN_DEPRECATED_OBJC_IMPLEMENTATIONS = YES;
				CLANG_WARN_DIRECT_OBJC_ISA_USAGE = YES_ERROR;
				CLANG_WARN_DOCUMENTATION_COMMENTS = YES;
				CLANG_WARN_EMPTY_BODY = YES;
				CLANG_WARN_ENUM_CONVERSION = YES;
				CLANG_WARN_INFINITE_RECURSION = YES;
				CLANG_WARN_INT_CONVERSION = YES;
				CLANG_WARN_NON_LITERAL_NULL_CONVERSION = YES;
				CLANG_WARN_OBJC_IMPLICIT_RETAIN_SELF = YES;
				CLANG_WARN_OBJC_LITERAL_CONVERSION = YES;
				CLANG_WARN_OBJC_ROOT_CLASS = YES_ERROR;
				CLANG_WARN_QUOTED_INCLUDE_IN_FRAMEWORK_HEADER = YES;
				CLANG_WARN_RANGE_LOOP_ANALYSIS = YES;
				CLANG_WARN_STRICT_PROTOTYPES = YES;
				CLANG_WARN_SUSPICIOUS_MOVE = YES;
				CLANG_WARN_UNGUARDED_AVAILABILITY = YES_AGGRESSIVE;
				CLANG_WARN_UNREACHABLE_CODE = YES;
				CLANG_WARN__DUPLICATE_METHOD_MATCH = YES;
				COPY_PHASE_STRIP = NO;
				DEBUG_INFORMATION_FORMAT = dwarf;
				ENABLE_STRICT_OBJC_MSGSEND = YES;
				ENABLE_TESTABILITY = YES;
				ENABLE_USER_SCRIPT_SANDBOXING = YES;
				GCC_C_LANGUAGE_STANDARD = gnu17;
				GCC_DYNAMIC_NO_PIC = NO;
				GCC_NO_COMMON_BLOCKS = YES;
				GCC_OPTIMIZATION_LEVEL = 0;
				GCC_PREPROCESSOR_DEFINITIONS = (
					"DEBUG=1",
					"$(inherited)",
				);
				GCC_WARN_64_TO_32_BIT_CONVERSION = YES;
				GCC_WARN_ABOUT_RETURN_TYPE = YES_ERROR;
				GCC_WARN_UNDECLARED_SELECTOR = YES;
				GCC_WARN_UNINITIALIZED_AUTOS = YES_AGGRESSIVE;
				GCC_WARN_UNUSED_FUNCTION = YES;
				GCC_WARN_UNUSED_VARIABLE = YES;
				IPHONEOS_DEPLOYMENT_TARGET = 18.2;
				LOCALIZATION_PREFERS_STRING_CATALOGS = YES;
				MTL_ENABLE_DEBUG_INFO = INCLUDE_SOURCE;
				MTL_FAST_MATH = YES;
				ONLY_ACTIVE_ARCH = YES;
				SDKROOT = iphoneos;
				SWIFT_ACTIVE_COMPILATION_CONDITIONS = "DEBUG $(inherited)";
				SWIFT_OPTIMIZATION_LEVEL = "-Onone";
			};
			name = Debug;
		};
		5F6472952DB7BB8D0000A404 /* Release */ = {
			isa = XCBuildConfiguration;
			buildSettings = {
				ALWAYS_SEARCH_USER_PATHS = NO;
				ASSETCATALOG_COMPILER_GENERATE_SWIFT_ASSET_SYMBOL_EXTENSIONS = YES;
				CLANG_ANALYZER_NONNULL = YES;
				CLANG_ANALYZER_NUMBER_OBJECT_CONVERSION = YES_AGGRESSIVE;
				CLANG_CXX_LANGUAGE_STANDARD = "gnu++20";
				CLANG_ENABLE_MODULES = YES;
				CLANG_ENABLE_OBJC_ARC = YES;
				CLANG_ENABLE_OBJC_WEAK = YES;
				CLANG_WARN_BLOCK_CAPTURE_AUTORELEASING = YES;
				CLANG_WARN_BOOL_CONVERSION = YES;
				CLANG_WARN_COMMA = YES;
				CLANG_WARN_CONSTANT_CONVERSION = YES;
				CLANG_WARN_DEPRECATED_OBJC_IMPLEMENTATIONS = YES;
				CLANG_WARN_DIRECT_OBJC_ISA_USAGE = YES_ERROR;
				CLANG_WARN_DOCUMENTATION_COMMENTS = YES;
				CLANG_WARN_EMPTY_BODY = YES;
				CLANG_WARN_ENUM_CONVERSION = YES;
				CLANG_WARN_INFINITE_RECURSION = YES;
				CLANG_WARN_INT_CONVERSION = YES;
				CLANG_WARN_NON_LITERAL_NULL_CONVERSION = YES;
				CLANG_WARN_OBJC_IMPLICIT_RETAIN_SELF = YES;
				CLANG_WARN_OBJC_LITERAL_CONVERSION = YES;
				CLANG_WARN_OBJC_ROOT_CLASS = YES_ERROR;
				CLANG_WARN_QUOTED_INCLUDE_IN_FRAMEWORK_HEADER = YES;
				CLANG_WARN_RANGE_LOOP_ANALYSIS = YES;
				CLANG_WARN_STRICT_PROTOTYPES = YES;
				CLANG_WARN_SUSPICIOUS_MOVE = YES;
				CLANG_WARN_UNGUARDED_AVAILABILITY = YES_AGGRESSIVE;
				CLANG_WARN_UNREACHABLE_CODE = YES;
				CLANG_WARN__DUPLICATE_METHOD_MATCH = YES;
				COPY_PHASE_STRIP = NO;
				DEBUG_INFORMATION_FORMAT = "dwarf-with-dsym";
				ENABLE_NS_ASSERTIONS = NO;
				ENABLE_STRICT_OBJC_MSGSEND = YES;
				ENABLE_USER_SCRIPT_SANDBOXING = YES;
				GCC_C_LANGUAGE_STANDARD = gnu17;
				GCC_NO_COMMON_BLOCKS = YES;
				GCC_WARN_64_TO_32_BIT_CONVERSION = YES;
				GCC_WARN_ABOUT_RETURN_TYPE = YES_ERROR;
				GCC_WARN_UNDECLARED_SELECTOR = YES;
				GCC_WARN_UNINITIALIZED_AUTOS = YES_AGGRESSIVE;
				GCC_WARN_UNUSED_FUNCTION = YES;
				GCC_WARN_UNUSED_VARIABLE = YES;
				IPHONEOS_DEPLOYMENT_TARGET = 18.2;
				LOCALIZATION_PREFERS_STRING_CATALOGS = YES;
				MTL_ENABLE_DEBUG_INFO = NO;
				MTL_FAST_MATH = YES;
				SDKROOT = iphoneos;
				SWIFT_COMPILATION_MODE = wholemodule;
				VALIDATE_PRODUCT = YES;
			};
			name = Release;
		};
		5F6472972DB7BB8D0000A404 /* Debug */ = {
			isa = XCBuildConfiguration;
			buildSettings = {
				ASSETCATALOG_COMPILER_APPICON_NAME = AppIcon;
				ASSETCATALOG_COMPILER_GLOBAL_ACCENT_COLOR_NAME = AccentColor;
				CODE_SIGN_STYLE = Automatic;
				CURRENT_PROJECT_VERSION = 1;
				DEVELOPMENT_ASSET_PATHS = "\"Sortify/Preview Content\"";
				DEVELOPMENT_TEAM = 29X3G5JD43;
				ENABLE_PREVIEWS = YES;
				GENERATE_INFOPLIST_FILE = YES;
				INFOPLIST_KEY_UIApplicationSceneManifest_Generation = YES;
				INFOPLIST_KEY_UIApplicationSupportsIndirectInputEvents = YES;
				INFOPLIST_KEY_UILaunchScreen_Generation = YES;
				INFOPLIST_KEY_UISupportedInterfaceOrientations_iPad = "UIInterfaceOrientationPortrait UIInterfaceOrientationPortraitUpsideDown UIInterfaceOrientationLandscapeLeft UIInterfaceOrientationLandscapeRight";
				INFOPLIST_KEY_UISupportedInterfaceOrientations_iPhone = "UIInterfaceOrientationPortrait UIInterfaceOrientationLandscapeLeft UIInterfaceOrientationLandscapeRight";
				IPHONEOS_DEPLOYMENT_TARGET = 17.0;
				LD_RUNPATH_SEARCH_PATHS = (
					"$(inherited)",
					"@executable_path/Frameworks",
				);
				MARKETING_VERSION = 1.0;
				PRODUCT_BUNDLE_IDENTIFIER = com.gourav.Sortify;
				PRODUCT_NAME = "$(TARGET_NAME)";
				SWIFT_EMIT_LOC_STRINGS = YES;
				SWIFT_VERSION = 5.0;
				TARGETED_DEVICE_FAMILY = "1,2";
			};
			name = Debug;
		};
		5F6472982DB7BB8D0000A404 /* Release */ = {
			isa = XCBuildConfiguration;
			buildSettings = {
				ASSETCATALOG_COMPILER_APPICON_NAME = AppIcon;
				ASSETCATALOG_COMPILER_GLOBAL_ACCENT_COLOR_NAME = AccentColor;
				CODE_SIGN_STYLE = Automatic;
				CURRENT_PROJECT_VERSION = 1;
				DEVELOPMENT_ASSET_PATHS = "\"Sortify/Preview Content\"";
				DEVELOPMENT_TEAM = 29X3G5JD43;
				ENABLE_PREVIEWS = YES;
				GENERATE_INFOPLIST_FILE = YES;
				INFOPLIST_KEY_UIApplicationSceneManifest_Generation = YES;
				INFOPLIST_KEY_UIApplicationSupportsIndirectInputEvents = YES;
				INFOPLIST_KEY_UILaunchScreen_Generation = YES;
				INFOPLIST_KEY_UISupportedInterfaceOrientations_iPad = "UIInterfaceOrientationPortrait UIInterfaceOrientationPortraitUpsideDown UIInterfaceOrientationLandscapeLeft UIInterfaceOrientationLandscapeRight";
				INFOPLIST_KEY_UISupportedInterfaceOrientations_iPhone = "UIInterfaceOrientationPortrait UIInterfaceOrientationLandscapeLeft UIInterfaceOrientationLandscapeRight";
				IPHONEOS_DEPLOYMENT_TARGET = 17.0;
				LD_RUNPATH_SEARCH_PATHS = (
					"$(inherited)",
					"@executable_path/Frameworks",
				);
				MARKETING_VERSION = 1.0;
				PRODUCT_BUNDLE_IDENTIFIER = com.gourav.Sortify;
				PRODUCT_NAME = "$(TARGET_NAME)";
				SWIFT_EMIT_LOC_STRINGS = YES;
				SWIFT_VERSION = 5.0;
				TARGETED_DEVICE_FAMILY = "1,2";
			};
			name = Release;
		};
		5F64729A2DB7BB8D0000A404 /* Debug */ = {
			isa = XCBuildConfiguration;
			buildSettings = {
				BUNDLE_LOADER = "$(TEST_HOST)";
				CODE_SIGN_STYLE = Automatic;
				CURRENT_PROJECT_VERSION = 1;
				DEVELOPMENT_TEAM = 29X3G5JD43;
				GENERATE_INFOPLIST_FILE = YES;
				IPHONEOS_DEPLOYMENT_TARGET = 18.2;
				MARKETING_VERSION = 1.0;
				PRODUCT_BUNDLE_IDENTIFIER = com.gourav.SortifyTests;
				PRODUCT_NAME = "$(TARGET_NAME)";
				SWIFT_EMIT_LOC_STRINGS = NO;
				SWIFT_VERSION = 5.0;
				TARGETED_DEVICE_FAMILY = "1,2";
				TEST_HOST = "$(BUILT_PRODUCTS_DIR)/Sortify.app/$(BUNDLE_EXECUTABLE_FOLDER_PATH)/Sortify";
			};
			name = Debug;
		};
		5F64729B2DB7BB8D0000A404 /* Release */ = {
			isa = XCBuildConfiguration;
			buildSettings = {
				BUNDLE_LOADER = "$(TEST_HOST)";
				CODE_SIGN_STYLE = Automatic;
				CURRENT_PROJECT_VERSION = 1;
				DEVELOPMENT_TEAM = 29X3G5JD43;
				GENERATE_INFOPLIST_FILE = YES;
				IPHONEOS_DEPLOYMENT_TARGET = 18.2;
				MARKETING_VERSION = 1.0;
				PRODUCT_BUNDLE_IDENTIFIER = com.gourav.SortifyTests;
				PRODUCT_NAME = "$(TARGET_NAME)";
				SWIFT_EMIT_LOC_STRINGS = NO;
				SWIFT_VERSION = 5.0;
				TARGETED_DEVICE_FAMILY = "1,2";
				TEST_HOST = "$(BUILT_PRODUCTS_DIR)/Sortify.app/$(BUNDLE_EXECUTABLE_FOLDER_PATH)/Sortify";
			};
			name = Release;
		};
		5F64729D2DB7BB8D0000A404 /* Debug */ = {
			isa = XCBuildConfiguration;
			buildSettings = {
				CODE_SIGN_STYLE = Automatic;
				CURRENT_PROJECT_VERSION = 1;
				DEVELOPMENT_TEAM = 29X3G5JD43;
				GENERATE_INFOPLIST_FILE = YES;
				MARKETING_VERSION = 1.0;
				PRODUCT_BUNDLE_IDENTIFIER = com.gourav.SortifyUITests;
				PRODUCT_NAME = "$(TARGET_NAME)";
				SWIFT_EMIT_LOC_STRINGS = NO;
				SWIFT_VERSION = 5.0;
				TARGETED_DEVICE_FAMILY = "1,2";
				TEST_TARGET_NAME = Sortify;
			};
			name = Debug;
		};
		5F64729E2DB7BB8D0000A404 /* Release */ = {
			isa = XCBuildConfiguration;
			buildSettings = {
				CODE_SIGN_STYLE = Automatic;
				CURRENT_PROJECT_VERSION = 1;
				DEVELOPMENT_TEAM = 29X3G5JD43;
				GENERATE_INFOPLIST_FILE = YES;
				MARKETING_VERSION = 1.0;
				PRODUCT_BUNDLE_IDENTIFIER = com.gourav.SortifyUITests;
				PRODUCT_NAME = "$(TARGET_NAME)";
				SWIFT_EMIT_LOC_STRINGS = NO;
				SWIFT_VERSION = 5.0;
				TARGETED_DEVICE_FAMILY = "1,2";
				TEST_TARGET_NAME = Sortify;
			};
			name = Release;
		};
/* End XCBuildConfiguration section */

/* Begin XCConfigurationList section */
		5F64726D2DB7BB8A0000A404 /* Build configuration list for PBXProject "Sortify" */ = {
			isa = XCConfigurationList;
			buildConfigurations = (
				5F6472942DB7BB8D0000A404 /* Debug */,
				5F6472952DB7BB8D0000A404 /* Release */,
			);
			defaultConfigurationIsVisible = 0;
			defaultConfigurationName = Release;
		};
		5F6472962DB7BB8D0000A404 /* Build configuration list for PBXNativeTarget "Sortify" */ = {
			isa = XCConfigurationList;
			buildConfigurations = (
				5F6472972DB7BB8D0000A404 /* Debug */,
				5F6472982DB7BB8D0000A404 /* Release */,
			);
			defaultConfigurationIsVisible = 0;
			defaultConfigurationName = Release;
		};
		5F6472992DB7BB8D0000A404 /* Build configuration list for PBXNativeTarget "SortifyTests" */ = {
			isa = XCConfigurationList;
			buildConfigurations = (
				5F64729A2DB7BB8D0000A404 /* Debug */,
				5F64729B2DB7BB8D0000A404 /* Release */,
			);
			defaultConfigurationIsVisible = 0;
			defaultConfigurationName = Release;
		};
		5F64729C2DB7BB8D0000A404 /* Build configuration list for PBXNativeTarget "SortifyUITests" */ = {
			isa = XCConfigurationList;
			buildConfigurations = (
				5F64729D2DB7BB8D0000A404 /* Debug */,
				5F64729E2DB7BB8D0000A404 /* Release */,
			);
			defaultConfigurationIsVisible = 0;
			defaultConfigurationName = Release;
		};
/* End XCConfigurationList section */
	};
	rootObject = 5F64726A2DB7BB8A0000A404 /* Project object */;
}
